Microsoft Visual Studio Solution File, Format Version 12.00
# Visual Studio Version 17
VisualStudioVersion = 17.5.2.0
MinimumVisualStudioVersion = 10.0.40219.1
Project("{2150E333-8FDC-42A3-9474-1A3956D46DE8}") = "dotnet-coffee-stuff", "dotnet-coffee-stuff", "{CDBFE32E-4022-870A-5E29-4CEE6B9E15E8}"
EndProject
Project("{FAE04EC0-301F-11D3-BF4B-00C04F79EFBC}") = "dotnet-coffee", "dotnet-coffee-stuff\dotnet-coffee\dotnet-coffee.csproj", "{F15A8DA7-B9F9-EADD-A7B9-B60E022A3CCF}"
EndProject
Global
	GlobalSection(SolutionConfigurationPlatforms) = preSolution
		Debug|Any CPU = Debug|Any CPU
		Release|Any CPU = Release|Any CPU
	EndGlobalSection
	GlobalSection(ProjectConfigurationPlatforms) = postSolution
		{F15A8DA7-B9F9-EADD-A7B9-B60E022A3CCF}.Debug|Any CPU.ActiveCfg = Debug|Any CPU
		{F15A8DA7-B9F9-EADD-A7B9-B60E022A3CCF}.Debug|Any CPU.Build.0 = Debug|Any CPU
		{F15A8DA7-B9F9-EADD-A7B9-B60E022A3CCF}.Release|Any CPU.ActiveCfg = Release|Any CPU
		{F15A8DA7-B9F9-EADD-A7B9-B60E022A3CCF}.Release|Any CPU.Build.0 = Release|Any CPU
	EndGlobalSection
	GlobalSection(SolutionProperties) = preSolution
		HideSolutionNode = FALSE
	EndGlobalSection
	GlobalSection(NestedProjects) = preSolution
		{F15A8DA7-B9F9-EADD-A7B9-B60E022A3CCF} = {CDBFE32E-4022-870A-5E29-4CEE6B9E15E8}
	EndGlobalSection
	GlobalSection(ExtensibilityGlobals) = postSolution
		SolutionGuid = {FCD23598-6B49-4D77-B28D-1073A4D1D2D1}
	EndGlobalSection
EndGlobal
